
Microsoft Visual Studio Solution File, Format Version 12.00
# Visual Studio Version 16
VisualStudioVersion = 16.0.31129.286
MinimumVisualStudioVersion = 10.0.40219.1
Project("{9A19103F-16F7-4668-BE54-9A1E7A4F7556}") = "Exception3", "Exception3.csproj", "{644880ED-ABAD-477C-A4BC-BA38B7BA2A1A}"
EndProject
Project("{FAE04EC0-301F-11D3-BF4B-00C04F79EFBC}") = "TestConnection", "..\TestConnection\TestConnection.csproj", "{4A6B5B01-F444-4A03-A20E-9DB4CE82B055}"
EndProject
Global
	GlobalSection(SolutionConfigurationPlatforms) = preSolution
		Debug|Any CPU = Debug|Any CPU
		Release|Any CPU = Release|Any CPU
	EndGlobalSection
	GlobalSection(ProjectConfigurationPlatforms) = postSolution
		{644880ED-ABAD-477C-A4BC-BA38B7BA2A1A}.Debug|Any CPU.ActiveCfg = Debug|Any CPU
		{644880ED-ABAD-477C-A4BC-BA38B7BA2A1A}.Debug|Any CPU.Build.0 = Debug|Any CPU
		{644880ED-ABAD-477C-A4BC-BA38B7BA2A1A}.Release|Any CPU.ActiveCfg = Release|Any CPU
		{644880ED-ABAD-477C-A4BC-BA38B7BA2A1A}.Release|Any CPU.Build.0 = Release|Any CPU
		{4A6B5B01-F444-4A03-A20E-9DB4CE82B055}.Debug|Any CPU.ActiveCfg = Debug|Any CPU
		{4A6B5B01-F444-4A03-A20E-9DB4CE82B055}.Debug|Any CPU.Build.0 = Debug|Any CPU
		{4A6B5B01-F444-4A03-A20E-9DB4CE82B055}.Release|Any CPU.ActiveCfg = Release|Any CPU
		{4A6B5B01-F444-4A03-A20E-9DB4CE82B055}.Release|Any CPU.Build.0 = Release|Any CPU
	EndGlobalSection
	GlobalSection(SolutionProperties) = preSolution
		HideSolutionNode = FALSE
	EndGlobalSection
	GlobalSection(ExtensibilityGlobals) = postSolution
		SolutionGuid = {FAB087C8-B1A5-4D75-8595-34BF59C49FC5}
	EndGlobalSection
EndGlobal
